{
  "name": "colorines-app",
  "version": "1.0.0",
  "lockfileVersion": 1,
  "requires": true,
  "dependencies": {
    "@angular/animations": {
      "version": "7.2.16",
      "resolved": "https://registry.npmjs.org/@angular/animations/-/animations-7.2.16.tgz",
      "integrity": "sha512-jH7haM3Hgtn1EW9b0Vfq6UqSz+rx3l7k+gJi9tuHEOPZdBTjtv3sNQxmM0IKxzOuTfM8KhRFkUlzyi43kfdp0w==",
      "requires": {
        "tslib": "^1.9.0"
      }
    },
    "@angular/cdk": {
      "version": "7.2.2",
      "resolved": "https://registry.npmjs.org/@angular/cdk/-/cdk-7.2.2.tgz",
      "integrity": "sha512-DG4Ip9COZuQngG31gNFrJRtVPYC8H938dCHuqVjHrLEKfdsKzvprI/y0W+tr/sUnIbIJWEPSvnzmS3XYOgmFyg==",
      "requires": {
        "parse5": "^5.0.0",
        "tslib": "^1.7.1"
      }
    },
    "@angular/common": {
      "version": "7.2.16",
      "resolved": "https://registry.npmjs.org/@angular/common/-/common-7.2.16.tgz",
      "integrity": "sha512-lPo2Vt5zmKeKTdMxHMUuViouMiK4QsmO6dGTIhJ7QAx9mov0QYb4sUVKN9Ix32Aeeznaa97qJnhevyDncJqvSA==",
      "requires": {
        "tslib": "^1.9.0"
      }
    },
    "@angular/compiler": {
      "version": "7.2.16",
      "resolved": "https://registry.npmjs.org/@angular/compiler/-/compiler-7.2.16.tgz",
      "integrity": "sha512-8iX+E9Cnet2167RdP8wM5PGPoEnw/jZNvHrtTRHs4g53n/Rg45iLmE9qFzxCqXGBmUO9LXKYdcXnettFKFLifg==",
      "requires": {
        "tslib": "^1.9.0"
      }
    },
    "@angular/core": {
      "version": "7.2.16",
      "resolved": "https://registry.npmjs.org/@angular/core/-/core-7.2.16.tgz",
      "integrity": "sha512-z1RuBinuYeC4KLv8Z95YOgIQLd4nkoApdxkIZaWALwSkgeBuHJn4bCBn2cL0gJ/KO2x18TiTU5HuC+uyBt0AVQ==",
      "requires": {
        "tslib": "^1.9.0"
      }
    },
    "@angular/forms": {
      "version": "7.2.16",
      "resolved": "https://registry.npmjs.org/@angular/forms/-/forms-7.2.16.tgz",
      "integrity": "sha512-50JTXco6w1HOi5o6RQ6PVSR0tD4Y2aRcCFBfLXvzDi78aZOSEdOYaSm78RDUNzGCbjwdMCIbX8eOdQgUUtsEFA==",
      "requires": {
        "tslib": "^1.9.0"
      }
    },
    "@angular/material": {
      "version": "7.2.2",
      "resolved": "https://registry.npmjs.org/@angular/material/-/material-7.2.2.tgz",
      "integrity": "sha512-HTtDhK5XkDvP6GPg4WTTa0HbeeagTfVRooTfw0TA+IuTAMBhXt5h1yzuGpFyMap8/PUVZN1D04g2CLhBSzoDxg==",
      "requires": {
        "tslib": "^1.7.1"
      }
    },
    "@angular/material-moment-adapter": {
      "version": "7.2.2",
      "resolved": "https://registry.npmjs.org/@angular/material-moment-adapter/-/material-moment-adapter-7.2.2.tgz",
      "integrity": "sha512-rtRN6qVCspUobCl02grqo5H74FpA8LXeUmnLKmqAyG9JiM7P+eDpJn3pt3rgprsu3ekIv7BkQQAuEH/mj5/SvQ==",
      "requires": {
        "tslib": "^1.7.1"
      }
    },
    "@angular/platform-browser": {
      "version": "7.2.16",
      "resolved": "https://registry.npmjs.org/@angular/platform-browser/-/platform-browser-7.2.16.tgz",
      "integrity": "sha512-6LltxoPlbtUgSec5a+BGPHZ0UYdqFizxSsplC1PoJdqH17DDxQjxcluAfXnLlvOYFSSPvYa73PSOpmUU2vp4gA==",
      "requires": {
        "tslib": "^1.9.0"
      }
    },
    "@angular/platform-browser-dynamic": {
      "version": "7.2.16",
      "resolved": "https://registry.npmjs.org/@angular/platform-browser-dynamic/-/platform-browser-dynamic-7.2.16.tgz",
      "integrity": "sha512-xsQ0qB54h7oY5UATK9VW25Y4dvG7uQe9+X4cf/GWB+R3eCzP8J9Ekxs4VU9y2ujlQkD64PV8gpKu0FHFh7wjIQ==",
      "requires": {
        "tslib": "^1.9.0"
      }
    },
    "@angular/router": {
      "version": "7.2.16",
      "resolved": "https://registry.npmjs.org/@angular/router/-/router-7.2.16.tgz",
      "integrity": "sha512-SXDfkoGVUHhy83K+sR+39mmqTs4nSUh4DZbhFe4gii+mgAtBvlbeH8KBCqPNf7xq24aadyI2LCSGnGwgVKmXrA==",
      "requires": {
        "tslib": "^1.9.0"
      }
    },
    "@ng-bootstrap/ng-bootstrap": {
      "version": "4.2.2",
      "resolved": "https://registry.npmjs.org/@ng-bootstrap/ng-bootstrap/-/ng-bootstrap-4.2.2.tgz",
      "integrity": "sha512-v8QmC17bv9he5Ep6zutaI9aQ2w/2NqySP0fejOKe7cacKpGUqsLIakpyd2FD7mfZu7pSCCtHYpRWR+h6yq+Ngg==",
      "requires": {
        "tslib": "^1.9.0"
      }
    },
    "bootstrap-slider": {
      "version": "10.6.2",
      "resolved": "https://registry.npmjs.org/bootstrap-slider/-/bootstrap-slider-10.6.2.tgz",
      "integrity": "sha512-8JTPZB9QVOdrGzYF3YgC3YW6ssfPeBvBwZnXffiZ7YH/zz1D0EKlZvmQsm/w3N0XjVNYQEoQ0ax+jHrErV4K1Q=="
    },
    "core-js": {
      "version": "2.6.11",
      "resolved": "https://registry.npmjs.org/core-js/-/core-js-2.6.11.tgz",
      "integrity": "sha512-5wjnpaT/3dV+XB4borEsnAYQchn00XSgTAWKDkEqv+K8KevjbzmofK6hfJ9TZIlpj2N0xQpazy7PiRQiWHqzWg=="
    },
    "ngx-bootstrap-slider": {
      "version": "1.8.0",
      "resolved": "https://registry.npmjs.org/ngx-bootstrap-slider/-/ngx-bootstrap-slider-1.8.0.tgz",
      "integrity": "sha512-wegiLxOyRDEyofi1AEM8503Uq/x9IIYLNlALWp49X0Yh0KEsEN+P94fQtBLIY2v50mstoivMhQmBDitXVzU6/w==",
      "requires": {
        "bootstrap-slider": "^10.2.0"
      }
    },
    "parse5": {
      "version": "5.1.1",
      "resolved": "https://registry.npmjs.org/parse5/-/parse5-5.1.1.tgz",
      "integrity": "sha512-ugq4DFI0Ptb+WWjAdOK16+u/nHfiIrcE+sh8kZMaM0WllQKLI9rOUq6c2b7cwPkXdzfQESqvoqK6ug7U/Yyzug==",
      "optional": true
    },
    "rxjs": {
      "version": "6.3.3",
      "resolved": "https://registry.npmjs.org/rxjs/-/rxjs-6.3.3.tgz",
      "integrity": "sha512-JTWmoY9tWCs7zvIk/CvRjhjGaOd+OVBM987mxFo+OW66cGpdKjZcpmc74ES1sB//7Kl/PAe8+wEakuhG4pcgOw==",
      "requires": {
        "tslib": "^1.9.0"
      }
    },
    "tslib": {
      "version": "1.13.0",
      "resolved": "https://registry.npmjs.org/tslib/-/tslib-1.13.0.tgz",
      "integrity": "sha512-i/6DQjL8Xf3be4K/E6Wgpekn5Qasl1usyw++dAA35Ue5orEn65VIxOA+YvNNl9HV3qv70T7CNwjODHZrLwvd1Q=="
    },
    "uikit": {
      "version": "3.4.6",
      "resolved": "https://registry.npmjs.org/uikit/-/uikit-3.4.6.tgz",
      "integrity": "sha512-Se8DXGJ69NCxm8AQTok6I9aXxvklaBsdkr3REfbUorxeIQA6g96sPvzHCXrubqknoqEhH6npD14xtzxJGCvS8A=="
    },
    "zone.js": {
      "version": "0.8.29",
      "resolved": "https://registry.npmjs.org/zone.js/-/zone.js-0.8.29.tgz",
      "integrity": "sha512-mla2acNCMkWXBD+c+yeUrBUrzOxYMNFdQ6FGfigGGtEVBPJx07BQeJekjt9DmH1FtZek4E9rE1eRR9qQpxACOQ=="
    }
  }
}
